
Microsoft Visual Studio Solution File, Format Version 12.00
# Visual Studio Version 17
VisualStudioVersion = 17.9.34701.34
MinimumVisualStudioVersion = 10.0.40219.1
Project("{FAE04EC0-301F-11D3-BF4B-00C04F79EFBC}") = "Bloggie.Web", "Bloggie.Web\Bloggie.Web.csproj", "{A0997D09-BA61-4707-9D4D-9BF8192499AA}"
EndProject
Global
	GlobalSection(SolutionConfigurationPlatforms) = preSolution
		Debug|Any CPU = Debug|Any CPU
		Release|Any CPU = Release|Any CPU
	EndGlobalSection
	GlobalSection(ProjectConfigurationPlatforms) = postSolution
		{A0997D09-BA61-4707-9D4D-9BF8192499AA}.Debug|Any CPU.ActiveCfg = Debug|Any CPU
		{A0997D09-BA61-4707-9D4D-9BF8192499AA}.Debug|Any CPU.Build.0 = Debug|Any CPU
		{A0997D09-BA61-4707-9D4D-9BF8192499AA}.Release|Any CPU.ActiveCfg = Release|Any CPU
		{A0997D09-BA61-4707-9D4D-9BF8192499AA}.Release|Any CPU.Build.0 = Release|Any CPU
	EndGlobalSection
	GlobalSection(SolutionProperties) = preSolution
		HideSolutionNode = FALSE
	EndGlobalSection
	GlobalSection(ExtensibilityGlobals) = postSolution
		SolutionGuid = {09AC7B85-EA00-4627-A7EC-B57228C2AC77}
	EndGlobalSection
EndGlobal
